
Microsoft Visual Studio Solution File, Format Version 12.00
# Visual Studio 15
Project("{FAE04EC0-301F-11D3-BF4B-00C04F79EFBC}") = "V_Animation", "V_Animation.csproj", "{ECD90537-5D55-1187-477C-5E56E867E875}"
EndProject
Project("{FAE04EC0-301F-11D3-BF4B-00C04F79EFBC}") = "Assembly-CSharp", "Assembly-CSharp.csproj", "{135FEBFC-17AE-8D23-548F-29DDA0F626F9}"
EndProject
Global
	GlobalSection(SolutionConfigurationPlatforms) = preSolution
		Debug|Any CPU = Debug|Any CPU
		Release|Any CPU = Release|Any CPU
	EndGlobalSection
	GlobalSection(ProjectConfigurationPlatforms) = postSolution
		{ECD90537-5D55-1187-477C-5E56E867E875}.Debug|Any CPU.ActiveCfg = Debug|Any CPU
		{ECD90537-5D55-1187-477C-5E56E867E875}.Debug|Any CPU.Build.0 = Debug|Any CPU
		{ECD90537-5D55-1187-477C-5E56E867E875}.Release|Any CPU.ActiveCfg = Release|Any CPU
		{ECD90537-5D55-1187-477C-5E56E867E875}.Release|Any CPU.Build.0 = Release|Any CPU
		{135FEBFC-17AE-8D23-548F-29DDA0F626F9}.Debug|Any CPU.ActiveCfg = Debug|Any CPU
		{135FEBFC-17AE-8D23-548F-29DDA0F626F9}.Debug|Any CPU.Build.0 = Debug|Any CPU
		{135FEBFC-17AE-8D23-548F-29DDA0F626F9}.Release|Any CPU.ActiveCfg = Release|Any CPU
		{135FEBFC-17AE-8D23-548F-29DDA0F626F9}.Release|Any CPU.Build.0 = Release|Any CPU
	EndGlobalSection
	GlobalSection(SolutionProperties) = preSolution
		HideSolutionNode = FALSE
	EndGlobalSection
EndGlobal
